
Microsoft Visual Studio Solution File, Format Version 12.00
# Visual Studio Version 17
VisualStudioVersion = 17.5.33516.290
MinimumVisualStudioVersion = 10.0.40219.1
Project("{FAE04EC0-301F-11D3-BF4B-00C04F79EFBC}") = "ISSCuritiba", "ISSCuritiba\ISSCuritiba.csproj", "{F3E8394A-FA4F-4951-BFF7-F5915D744BD9}"
EndProject
Global
	GlobalSection(SolutionConfigurationPlatforms) = preSolution
		Debug|Any CPU = Debug|Any CPU
		Release|Any CPU = Release|Any CPU
	EndGlobalSection
	GlobalSection(ProjectConfigurationPlatforms) = postSolution
		{F3E8394A-FA4F-4951-BFF7-F5915D744BD9}.Debug|Any CPU.ActiveCfg = Debug|Any CPU
		{F3E8394A-FA4F-4951-BFF7-F5915D744BD9}.Debug|Any CPU.Build.0 = Debug|Any CPU
		{F3E8394A-FA4F-4951-BFF7-F5915D744BD9}.Release|Any CPU.ActiveCfg = Release|Any CPU
		{F3E8394A-FA4F-4951-BFF7-F5915D744BD9}.Release|Any CPU.Build.0 = Release|Any CPU
	EndGlobalSection
	GlobalSection(SolutionProperties) = preSolution
		HideSolutionNode = FALSE
	EndGlobalSection
	GlobalSection(ExtensibilityGlobals) = postSolution
		SolutionGuid = {614D723F-35C7-4424-8A4E-BE375E4C7D7F}
	EndGlobalSection
EndGlobal
